
Microsoft Visual Studio Solution File, Format Version 12.00
# Visual Studio 15
VisualStudioVersion = 15.0.28307.960
MinimumVisualStudioVersion = 10.0.40219.1
Project("{FAE04EC0-301F-11D3-BF4B-00C04F79EFBC}") = "AuthenticationInWebAPI", "AuthenticationInWebAPI\AuthenticationInWebAPI.csproj", "{003DED94-ACB8-4310-91DC-73D86FBB385B}"
EndProject
Global
	GlobalSection(SolutionConfigurationPlatforms) = preSolution
		Debug|Any CPU = Debug|Any CPU
		Release|Any CPU = Release|Any CPU
	EndGlobalSection
	GlobalSection(ProjectConfigurationPlatforms) = postSolution
		{003DED94-ACB8-4310-91DC-73D86FBB385B}.Debug|Any CPU.ActiveCfg = Debug|Any CPU
		{003DED94-ACB8-4310-91DC-73D86FBB385B}.Debug|Any CPU.Build.0 = Debug|Any CPU
		{003DED94-ACB8-4310-91DC-73D86FBB385B}.Release|Any CPU.ActiveCfg = Release|Any CPU
		{003DED94-ACB8-4310-91DC-73D86FBB385B}.Release|Any CPU.Build.0 = Release|Any CPU
	EndGlobalSection
	GlobalSection(SolutionProperties) = preSolution
		HideSolutionNode = FALSE
	EndGlobalSection
	GlobalSection(ExtensibilityGlobals) = postSolution
		SolutionGuid = {2B766BA9-2AA3-4980-BC11-4B62DC6A1BD2}
	EndGlobalSection
EndGlobal
